
Microsoft Visual Studio Solution File, Format Version 12.00
# Visual Studio Version 16
VisualStudioVersion = 16.0.31911.196
MinimumVisualStudioVersion = 10.0.40219.1
Project("{FAE04EC0-301F-11D3-BF4B-00C04F79EFBC}") = "KafkaConsoleApp", "KafkaConsoleApp.csproj", "{26762529-DDB0-43CC-AFA9-A5FD8F75B3F8}"
EndProject
Global
	GlobalSection(SolutionConfigurationPlatforms) = preSolution
		Debug|Any CPU = Debug|Any CPU
		Release|Any CPU = Release|Any CPU
	EndGlobalSection
	GlobalSection(ProjectConfigurationPlatforms) = postSolution
		{26762529-DDB0-43CC-AFA9-A5FD8F75B3F8}.Debug|Any CPU.ActiveCfg = Debug|Any CPU
		{26762529-DDB0-43CC-AFA9-A5FD8F75B3F8}.Debug|Any CPU.Build.0 = Debug|Any CPU
		{26762529-DDB0-43CC-AFA9-A5FD8F75B3F8}.Release|Any CPU.ActiveCfg = Release|Any CPU
		{26762529-DDB0-43CC-AFA9-A5FD8F75B3F8}.Release|Any CPU.Build.0 = Release|Any CPU
	EndGlobalSection
	GlobalSection(SolutionProperties) = preSolution
		HideSolutionNode = FALSE
	EndGlobalSection
	GlobalSection(ExtensibilityGlobals) = postSolution
		SolutionGuid = {6FBA4BE8-AC1E-4E6F-B8C2-CF8F11DD4EEB}
	EndGlobalSection
EndGlobal
